
Microsoft Visual Studio Solution File, Format Version 12.00
# Visual Studio Version 16
VisualStudioVersion = 16.0.29609.76
MinimumVisualStudioVersion = 10.0.40219.1
Project("{FAE04EC0-301F-11D3-BF4B-00C04F79EFBC}") = "hl7ingest", "hl7ingest\hl7ingest.csproj", "{83A80672-D54D-4EF2-BD6B-6982B66A9897}"
EndProject
Global
	GlobalSection(SolutionConfigurationPlatforms) = preSolution
		Debug|Any CPU = Debug|Any CPU
		Release|Any CPU = Release|Any CPU
	EndGlobalSection
	GlobalSection(ProjectConfigurationPlatforms) = postSolution
		{83A80672-D54D-4EF2-BD6B-6982B66A9897}.Debug|Any CPU.ActiveCfg = Debug|Any CPU
		{83A80672-D54D-4EF2-BD6B-6982B66A9897}.Debug|Any CPU.Build.0 = Debug|Any CPU
		{83A80672-D54D-4EF2-BD6B-6982B66A9897}.Release|Any CPU.ActiveCfg = Release|Any CPU
		{83A80672-D54D-4EF2-BD6B-6982B66A9897}.Release|Any CPU.Build.0 = Release|Any CPU
	EndGlobalSection
	GlobalSection(SolutionProperties) = preSolution
		HideSolutionNode = FALSE
	EndGlobalSection
	GlobalSection(ExtensibilityGlobals) = postSolution
		SolutionGuid = {43AAE079-7601-4CF5-B91F-C4151F9E17CA}
	EndGlobalSection
EndGlobal
