
Microsoft Visual Studio Solution File, Format Version 12.00
# Visual Studio Version 16
VisualStudioVersion = 16.0.30320.27
MinimumVisualStudioVersion = 10.0.40219.1
Project("{9A19103F-16F7-4668-BE54-9A1E7A4F7556}") = "api", "api\api.csproj", "{4B5B5D2C-34CD-46E9-A690-5650D8BBCC83}"
EndProject
Project("{9A19103F-16F7-4668-BE54-9A1E7A4F7556}") = "cli", "cli\cli.csproj", "{40014EDF-5229-4211-BD7E-CF516C39F68B}"
EndProject
Project("{9092AA53-FB77-4645-B42D-1CCCA6BD08BD}") = "test", "test\test.njsproj", "{1E8BB853-65B9-4F94-A1D5-FF255DA63F21}"
EndProject
Global
	GlobalSection(SolutionConfigurationPlatforms) = preSolution
		Debug|Any CPU = Debug|Any CPU
		Release|Any CPU = Release|Any CPU
	EndGlobalSection
	GlobalSection(ProjectConfigurationPlatforms) = postSolution
		{4B5B5D2C-34CD-46E9-A690-5650D8BBCC83}.Debug|Any CPU.ActiveCfg = Debug|Any CPU
		{4B5B5D2C-34CD-46E9-A690-5650D8BBCC83}.Debug|Any CPU.Build.0 = Debug|Any CPU
		{4B5B5D2C-34CD-46E9-A690-5650D8BBCC83}.Release|Any CPU.ActiveCfg = Release|Any CPU
		{4B5B5D2C-34CD-46E9-A690-5650D8BBCC83}.Release|Any CPU.Build.0 = Release|Any CPU
		{40014EDF-5229-4211-BD7E-CF516C39F68B}.Debug|Any CPU.ActiveCfg = Debug|Any CPU
		{40014EDF-5229-4211-BD7E-CF516C39F68B}.Debug|Any CPU.Build.0 = Debug|Any CPU
		{40014EDF-5229-4211-BD7E-CF516C39F68B}.Release|Any CPU.ActiveCfg = Release|Any CPU
		{40014EDF-5229-4211-BD7E-CF516C39F68B}.Release|Any CPU.Build.0 = Release|Any CPU
		{1E8BB853-65B9-4F94-A1D5-FF255DA63F21}.Debug|Any CPU.ActiveCfg = Debug|Any CPU
		{1E8BB853-65B9-4F94-A1D5-FF255DA63F21}.Debug|Any CPU.Build.0 = Debug|Any CPU
		{1E8BB853-65B9-4F94-A1D5-FF255DA63F21}.Release|Any CPU.ActiveCfg = Release|Any CPU
		{1E8BB853-65B9-4F94-A1D5-FF255DA63F21}.Release|Any CPU.Build.0 = Release|Any CPU
	EndGlobalSection
	GlobalSection(SolutionProperties) = preSolution
		HideSolutionNode = FALSE
	EndGlobalSection
	GlobalSection(ExtensibilityGlobals) = postSolution
		SolutionGuid = {029B31E3-9292-4C0C-9D05-54D30715C3F4}
	EndGlobalSection
EndGlobal
